
Microsoft Visual Studio Solution File, Format Version 12.00
# Visual Studio 14
VisualStudioVersion = 14.0.25420.1
MinimumVisualStudioVersion = 10.0.40219.1
Project("{FAE04EC0-301F-11D3-BF4B-00C04F79EFBC}") = "DataAccess", "DataAccess\DataAccess.csproj", "{0DBE5A92-C5E7-4248-A430-4623E4C6279B}"
EndProject
Project("{FAE04EC0-301F-11D3-BF4B-00C04F79EFBC}") = "BusinessEntityL", "BusinessEntityL\BusinessEntityL.csproj", "{CF2EFF72-170A-432B-9A72-97B43BC070A0}"
EndProject
Project("{FAE04EC0-301F-11D3-BF4B-00C04F79EFBC}") = "BusinessEntity", "BusinessEntity\BusinessEntity.csproj", "{5C6D21E4-67B1-4814-9666-EFD0FCCFCD84}"
EndProject
Project("{FAE04EC0-301F-11D3-BF4B-00C04F79EFBC}") = "ReportingLayer", "ReportingLayer\ReportingLayer.csproj", "{33421FB4-59C7-45D5-9D3C-758ADABE2256}"
EndProject
Project("{FAE04EC0-301F-11D3-BF4B-00C04F79EFBC}") = "POSWeb", "POSWeb\POSWeb.csproj", "{37B97245-B3FD-4611-A43D-AE6316F8C6C2}"
EndProject
Global
	GlobalSection(SolutionConfigurationPlatforms) = preSolution
		Debug|Any CPU = Debug|Any CPU
		Release|Any CPU = Release|Any CPU
	EndGlobalSection
	GlobalSection(ProjectConfigurationPlatforms) = postSolution
		{0DBE5A92-C5E7-4248-A430-4623E4C6279B}.Debug|Any CPU.ActiveCfg = Debug|Any CPU
		{0DBE5A92-C5E7-4248-A430-4623E4C6279B}.Debug|Any CPU.Build.0 = Debug|Any CPU
		{0DBE5A92-C5E7-4248-A430-4623E4C6279B}.Release|Any CPU.ActiveCfg = Release|Any CPU
		{0DBE5A92-C5E7-4248-A430-4623E4C6279B}.Release|Any CPU.Build.0 = Release|Any CPU
		{CF2EFF72-170A-432B-9A72-97B43BC070A0}.Debug|Any CPU.ActiveCfg = Debug|Any CPU
		{CF2EFF72-170A-432B-9A72-97B43BC070A0}.Debug|Any CPU.Build.0 = Debug|Any CPU
		{CF2EFF72-170A-432B-9A72-97B43BC070A0}.Release|Any CPU.ActiveCfg = Release|Any CPU
		{CF2EFF72-170A-432B-9A72-97B43BC070A0}.Release|Any CPU.Build.0 = Release|Any CPU
		{5C6D21E4-67B1-4814-9666-EFD0FCCFCD84}.Debug|Any CPU.ActiveCfg = Debug|Any CPU
		{5C6D21E4-67B1-4814-9666-EFD0FCCFCD84}.Debug|Any CPU.Build.0 = Debug|Any CPU
		{5C6D21E4-67B1-4814-9666-EFD0FCCFCD84}.Release|Any CPU.ActiveCfg = Release|Any CPU
		{5C6D21E4-67B1-4814-9666-EFD0FCCFCD84}.Release|Any CPU.Build.0 = Release|Any CPU
		{33421FB4-59C7-45D5-9D3C-758ADABE2256}.Debug|Any CPU.ActiveCfg = Debug|Any CPU
		{33421FB4-59C7-45D5-9D3C-758ADABE2256}.Debug|Any CPU.Build.0 = Debug|Any CPU
		{33421FB4-59C7-45D5-9D3C-758ADABE2256}.Release|Any CPU.ActiveCfg = Release|Any CPU
		{33421FB4-59C7-45D5-9D3C-758ADABE2256}.Release|Any CPU.Build.0 = Release|Any CPU
		{37B97245-B3FD-4611-A43D-AE6316F8C6C2}.Debug|Any CPU.ActiveCfg = Debug|Any CPU
		{37B97245-B3FD-4611-A43D-AE6316F8C6C2}.Debug|Any CPU.Build.0 = Debug|Any CPU
		{37B97245-B3FD-4611-A43D-AE6316F8C6C2}.Release|Any CPU.ActiveCfg = Release|Any CPU
		{37B97245-B3FD-4611-A43D-AE6316F8C6C2}.Release|Any CPU.Build.0 = Release|Any CPU
	EndGlobalSection
	GlobalSection(SolutionProperties) = preSolution
		HideSolutionNode = FALSE
	EndGlobalSection
EndGlobal
